
Microsoft Visual Studio Solution File, Format Version 12.00
# Visual Studio 15
VisualStudioVersion = 15.0.28307.1259
MinimumVisualStudioVersion = 10.0.40219.1
Project("{159641D6-6404-4A2A-AE62-294DE0FE8301}") = "SSIS_Documentation", "SSIS_Documentation\SSIS_Documentation.dtproj", "{6D335074-65D5-4067-8D6E-C61934BA8F57}"
EndProject
Global
	GlobalSection(SolutionConfigurationPlatforms) = preSolution
		Development|Default = Development|Default
	EndGlobalSection
	GlobalSection(ProjectConfigurationPlatforms) = postSolution
		{6D335074-65D5-4067-8D6E-C61934BA8F57}.Development|Default.ActiveCfg = Development
		{6D335074-65D5-4067-8D6E-C61934BA8F57}.Development|Default.Build.0 = Development
	EndGlobalSection
	GlobalSection(SolutionProperties) = preSolution
		HideSolutionNode = FALSE
	EndGlobalSection
	GlobalSection(ExtensibilityGlobals) = postSolution
		SolutionGuid = {4AA8AECD-3CE8-4273-A483-684FE72CCF8E}
	EndGlobalSection
EndGlobal
